
Microsoft Visual Studio Solution File, Format Version 12.00
# Visual Studio 14
VisualStudioVersion = 14.0.25420.1
MinimumVisualStudioVersion = 10.0.40219.1
Project("{D954291E-2A0B-460D-934E-DC6B0785DB48}") = "LibRPC", "LibRPC\LibRPC.shproj", "{D36482F8-8E78-4412-8702-2D97A6CFADB9}"
EndProject
Project("{F184B08F-C81C-45F6-A57F-5ABD9991F28F}") = "LibRPC.Portable", "LibRPC.Portable\LibRPC.Portable.vbproj", "{F040FF3F-0016-4764-A27F-E7987CC69083}"
EndProject
Project("{F184B08F-C81C-45F6-A57F-5ABD9991F28F}") = "LibRPC.Desktop", "LibRPC.Desktop\LibRPC.Desktop.vbproj", "{EB7C30D3-FA4D-4217-8711-3E77278805E4}"
EndProject
Project("{F184B08F-C81C-45F6-A57F-5ABD9991F28F}") = "LibRPC.Tests", "LibRPC.Tests\LibRPC.Tests.vbproj", "{678BAA33-A729-4293-ABF6-3EF3469EE780}"
EndProject
Project("{2150E333-8FDC-42A3-9474-1A3956D46DE8}") = "Solution Items", "Solution Items", "{7FEBD6E7-48C2-4B5A-9BC2-B0C6BF1E96C5}"
	ProjectSection(SolutionItems) = preProject
		Readme.md = Readme.md
	EndProjectSection
EndProject
Project("{F184B08F-C81C-45F6-A57F-5ABD9991F28F}") = "LibRPC.Example", "LibRPC.Example\LibRPC.Example.vbproj", "{450EB581-FB0D-4EE4-8CE9-086C197D4F97}"
EndProject
Global
	GlobalSection(SharedMSBuildProjectFiles) = preSolution
		LibRPC\LibRPC.projitems*{d36482f8-8e78-4412-8702-2d97a6cfadb9}*SharedItemsImports = 13
		LibRPC\LibRPC.projitems*{eb7c30d3-fa4d-4217-8711-3e77278805e4}*SharedItemsImports = 4
		LibRPC\LibRPC.projitems*{f040ff3f-0016-4764-a27f-e7987cc69083}*SharedItemsImports = 4
	EndGlobalSection
	GlobalSection(SolutionConfigurationPlatforms) = preSolution
		Debug|Any CPU = Debug|Any CPU
		Release|Any CPU = Release|Any CPU
	EndGlobalSection
	GlobalSection(ProjectConfigurationPlatforms) = postSolution
		{F040FF3F-0016-4764-A27F-E7987CC69083}.Debug|Any CPU.ActiveCfg = Debug|Any CPU
		{F040FF3F-0016-4764-A27F-E7987CC69083}.Debug|Any CPU.Build.0 = Debug|Any CPU
		{F040FF3F-0016-4764-A27F-E7987CC69083}.Release|Any CPU.ActiveCfg = Release|Any CPU
		{F040FF3F-0016-4764-A27F-E7987CC69083}.Release|Any CPU.Build.0 = Release|Any CPU
		{EB7C30D3-FA4D-4217-8711-3E77278805E4}.Debug|Any CPU.ActiveCfg = Debug|Any CPU
		{EB7C30D3-FA4D-4217-8711-3E77278805E4}.Debug|Any CPU.Build.0 = Debug|Any CPU
		{EB7C30D3-FA4D-4217-8711-3E77278805E4}.Release|Any CPU.ActiveCfg = Release|Any CPU
		{EB7C30D3-FA4D-4217-8711-3E77278805E4}.Release|Any CPU.Build.0 = Release|Any CPU
		{678BAA33-A729-4293-ABF6-3EF3469EE780}.Debug|Any CPU.ActiveCfg = Debug|Any CPU
		{678BAA33-A729-4293-ABF6-3EF3469EE780}.Debug|Any CPU.Build.0 = Debug|Any CPU
		{678BAA33-A729-4293-ABF6-3EF3469EE780}.Release|Any CPU.ActiveCfg = Release|Any CPU
		{678BAA33-A729-4293-ABF6-3EF3469EE780}.Release|Any CPU.Build.0 = Release|Any CPU
		{450EB581-FB0D-4EE4-8CE9-086C197D4F97}.Debug|Any CPU.ActiveCfg = Debug|Any CPU
		{450EB581-FB0D-4EE4-8CE9-086C197D4F97}.Debug|Any CPU.Build.0 = Debug|Any CPU
		{450EB581-FB0D-4EE4-8CE9-086C197D4F97}.Release|Any CPU.ActiveCfg = Release|Any CPU
		{450EB581-FB0D-4EE4-8CE9-086C197D4F97}.Release|Any CPU.Build.0 = Release|Any CPU
	EndGlobalSection
	GlobalSection(SolutionProperties) = preSolution
		HideSolutionNode = FALSE
	EndGlobalSection
EndGlobal
